// !$*UTF8*$!
{
	archiveVersion = 1;
	classes = {
	};
	objectVersion = 77;
	objects = {

/* Begin PBXContainerItemProxy section */
		B70D2CE02E45D4DF00D649CB /* PBXContainerItemProxy */ = {
			isa = PBXContainerItemProxy;
			containerPortal = B70D2CC12E45D4DE00D649CB /* Project object */;
			proxyType = 1;
			remoteGlobalIDString = B70D2CC82E45D4DE00D649CB;
			remoteInfo = POCMultibanner;
		};
		B70D2CEA2E45D4DF00D649CB /* PBXContainerItemProxy */ = {
			isa = PBXContainerItemProxy;
			containerPortal = B70D2CC12E45D4DE00D649CB /* Project object */;
			proxyType = 1;
			remoteGlobalIDString = B70D2CC82E45D4DE00D649CB;
			remoteInfo = POCMultibanner;
		};
/* End PBXContainerItemProxy section */

/* Begin PBXFileReference section */
		B70D2CC92E45D4DE00D649CB /* POCMultibanner.app */ = {isa = PBXFileReference; explicitFileType = wrapper.application; includeInIndex = 0; path = POCMultibanner.app; sourceTree = BUILT_PRODUCTS_DIR; };
		B70D2CDF2E45D4DF00D649CB /* POCMultibannerTests.xctest */ = {isa = PBXFileReference; explicitFileType = wrapper.cfbundle; includeInIndex = 0; path = POCMultibannerTests.xctest; sourceTree = BUILT_PRODUCTS_DIR; };
		B70D2CE92E45D4DF00D649CB /* POCMultibannerUITests.xctest */ = {isa = PBXFileReference; explicitFileType = wrapper.cfbundle; includeInIndex = 0; path = POCMultibannerUITests.xctest; sourceTree = BUILT_PRODUCTS_DIR; };
/* End PBXFileReference section */

/* Begin PBXFileSystemSynchronizedBuildFileExceptionSet section */
		B70D2CF12E45D4DF00D649CB /* Exceptions for "POCMultibanner" folder in "POCMultibanner" target */ = {
			isa = PBXFileSystemSynchronizedBuildFileExceptionSet;
			membershipExceptions = (
				Info.plist,
			);
			target = B70D2CC82E45D4DE00D649CB /* POCMultibanner */;
		};
/* End PBXFileSystemSynchronizedBuildFileExceptionSet section */

/* Begin PBXFileSystemSynchronizedRootGroup section */
		B70D2CCB2E45D4DE00D649CB /* POCMultibanner */ = {
			isa = PBXFileSystemSynchronizedRootGroup;
			exceptions = (
				B70D2CF12E45D4DF00D649CB /* Exceptions for "POCMultibanner" folder in "POCMultibanner" target */,
			);
			path = POCMultibanner;
			sourceTree = "<group>";
		};
		B70D2CE22E45D4DF00D649CB /* POCMultibannerTests */ = {
			isa = PBXFileSystemSynchronizedRootGroup;
			path = POCMultibannerTests;
			sourceTree = "<group>";
		};
		B70D2CEC2E45D4DF00D649CB /* POCMultibannerUITests */ = {
			isa = PBXFileSystemSynchronizedRootGroup;
			path = POCMultibannerUITests;
			sourceTree = "<group>";
		};
/* End PBXFileSystemSynchronizedRootGroup section */

/* Begin PBXFrameworksBuildPhase section */
		B70D2CC62E45D4DE00D649CB /* Frameworks */ = {
			isa = PBXFrameworksBuildPhase;
			buildActionMask = 2147483647;
			files = (
			);
			runOnlyForDeploymentPostprocessing = 0;
		};
		B70D2CDC2E45D4DF00D649CB /* Frameworks */ = {
			isa = PBXFrameworksBuildPhase;
			buildActionMask = 2147483647;
			files = (
			);
			runOnlyForDeploymentPostprocessing = 0;
		};
		B70D2CE62E45D4DF00D649CB /* Frameworks */ = {
			isa = PBXFrameworksBuildPhase;
			buildActionMask = 2147483647;
			files = (
			);
			runOnlyForDeploymentPostprocessing = 0;
		};
/* End PBXFrameworksBuildPhase section */

/* Begin PBXGroup section */
		B70D2CC02E45D4DE00D649CB = {
			isa = PBXGroup;
			children = (
				B70D2CCB2E45D4DE00D649CB /* POCMultibanner */,
				B70D2CE22E45D4DF00D649CB /* POCMultibannerTests */,
				B70D2CEC2E45D4DF00D649CB /* POCMultibannerUITests */,
				B70D2CCA2E45D4DE00D649CB /* Products */,
			);
			sourceTree = "<group>";
		};
		B70D2CCA2E45D4DE00D649CB /* Products */ = {
			isa = PBXGroup;
			children = (
				B70D2CC92E45D4DE00D649CB /* POCMultibanner.app */,
				B70D2CDF2E45D4DF00D649CB /* POCMultibannerTests.xctest */,
				B70D2CE92E45D4DF00D649CB /* POCMultibannerUITests.xctest */,
			);
			name = Products;
			sourceTree = "<group>";
		};
/* End PBXGroup section */

/* Begin PBXNativeTarget section */
		B70D2CC82E45D4DE00D649CB /* POCMultibanner */ = {
			isa = PBXNativeTarget;
			buildConfigurationList = B70D2CF22E45D4DF00D649CB /* Build configuration list for PBXNativeTarget "POCMultibanner" */;
			buildPhases = (
				B70D2CC52E45D4DE00D649CB /* Sources */,
				B70D2CC62E45D4DE00D649CB /* Frameworks */,
				B70D2CC72E45D4DE00D649CB /* Resources */,
			);
			buildRules = (
			);
			dependencies = (
			);
			fileSystemSynchronizedGroups = (
				B70D2CCB2E45D4DE00D649CB /* POCMultibanner */,
			);
			name = POCMultibanner;
			packageProductDependencies = (
			);
			productName = POCMultibanner;
			productReference = B70D2CC92E45D4DE00D649CB /* POCMultibanner.app */;
			productType = "com.apple.product-type.application";
		};
		B70D2CDE2E45D4DF00D649CB /* POCMultibannerTests */ = {
			isa = PBXNativeTarget;
			buildConfigurationList = B70D2CF72E45D4DF00D649CB /* Build configuration list for PBXNativeTarget "POCMultibannerTests" */;
			buildPhases = (
				B70D2CDB2E45D4DF00D649CB /* Sources */,
				B70D2CDC2E45D4DF00D649CB /* Frameworks */,
				B70D2CDD2E45D4DF00D649CB /* Resources */,
			);
			buildRules = (
			);
			dependencies = (
				B70D2CE12E45D4DF00D649CB /* PBXTargetDependency */,
			);
			fileSystemSynchronizedGroups = (
				B70D2CE22E45D4DF00D649CB /* POCMultibannerTests */,
			);
			name = POCMultibannerTests;
			packageProductDependencies = (
			);
			productName = POCMultibannerTests;
			productReference = B70D2CDF2E45D4DF00D649CB /* POCMultibannerTests.xctest */;
			productType = "com.apple.product-type.bundle.unit-test";
		};
		B70D2CE82E45D4DF00D649CB /* POCMultibannerUITests */ = {
			isa = PBXNativeTarget;
			buildConfigurationList = B70D2CFA2E45D4DF00D649CB /* Build configuration list for PBXNativeTarget "POCMultibannerUITests" */;
			buildPhases = (
				B70D2CE52E45D4DF00D649CB /* Sources */,
				B70D2CE62E45D4DF00D649CB /* Frameworks */,
				B70D2CE72E45D4DF00D649CB /* Resources */,
			);
			buildRules = (
			);
			dependencies = (
				B70D2CEB2E45D4DF00D649CB /* PBXTargetDependency */,
			);
			fileSystemSynchronizedGroups = (
				B70D2CEC2E45D4DF00D649CB /* POCMultibannerUITests */,
			);
			name = POCMultibannerUITests;
			packageProductDependencies = (
			);
			productName = POCMultibannerUITests;
			productReference = B70D2CE92E45D4DF00D649CB /* POCMultibannerUITests.xctest */;
			productType = "com.apple.product-type.bundle.ui-testing";
		};
/* End PBXNativeTarget section */

/* Begin PBXProject section */
		B70D2CC12E45D4DE00D649CB /* Project object */ = {
			isa = PBXProject;
			attributes = {
				BuildIndependentTargetsInParallel = 1;
				LastSwiftUpdateCheck = 1620;
				LastUpgradeCheck = 1620;
				TargetAttributes = {
					B70D2CC82E45D4DE00D649CB = {
						CreatedOnToolsVersion = 16.2;
					};
					B70D2CDE2E45D4DF00D649CB = {
						CreatedOnToolsVersion = 16.2;
						TestTargetID = B70D2CC82E45D4DE00D649CB;
					};
					B70D2CE82E45D4DF00D649CB = {
						CreatedOnToolsVersion = 16.2;
						TestTargetID = B70D2CC82E45D4DE00D649CB;
					};
				};
			};
			buildConfigurationList = B70D2CC42E45D4DE00D649CB /* Build configuration list for PBXProject "POCMultibanner" */;
			developmentRegion = en;
			hasScannedForEncodings = 0;
			knownRegions = (
				en,
				Base,
			);
			mainGroup = B70D2CC02E45D4DE00D649CB;
			minimizedProjectReferenceProxies = 1;
			preferredProjectObjectVersion = 77;
			productRefGroup = B70D2CCA2E45D4DE00D649CB /* Products */;
			projectDirPath = "";
			projectRoot = "";
			targets = (
				B70D2CC82E45D4DE00D649CB /* POCMultibanner */,
				B70D2CDE2E45D4DF00D649CB /* POCMultibannerTests */,
				B70D2CE82E45D4DF00D649CB /* POCMultibannerUITests */,
			);
		};
/* End PBXProject section */

/* Begin PBXResourcesBuildPhase section */
		B70D2CC72E45D4DE00D649CB /* Resources */ = {
			isa = PBXResourcesBuildPhase;
			buildActionMask = 2147483647;
			files = (
			);
			runOnlyForDeploymentPostprocessing = 0;
		};
		B70D2CDD2E45D4DF00D649CB /* Resources */ = {
			isa = PBXResourcesBuildPhase;
			buildActionMask = 2147483647;
			files = (
			);
			runOnlyForDeploymentPostprocessing = 0;
		};
		B70D2CE72E45D4DF00D649CB /* Resources */ = {
			isa = PBXResourcesBuildPhase;
			buildActionMask = 2147483647;
			files = (
			);
			runOnlyForDeploymentPostprocessing = 0;
		};
/* End PBXResourcesBuildPhase section */

/* Begin PBXSourcesBuildPhase section */
		B70D2CC52E45D4DE00D649CB /* Sources */ = {
			isa = PBXSourcesBuildPhase;
			buildActionMask = 2147483647;
			files = (
			);
			runOnlyForDeploymentPostprocessing = 0;
		};
		B70D2CDB2E45D4DF00D649CB /* Sources */ = {
			isa = PBXSourcesBuildPhase;
			buildActionMask = 2147483647;
			files = (
			);
			runOnlyForDeploymentPostprocessing = 0;
		};
		B70D2CE52E45D4DF00D649CB /* Sources */ = {
			isa = PBXSourcesBuildPhase;
			buildActionMask = 2147483647;
			files = (
			);
			runOnlyForDeploymentPostprocessing = 0;
		};
/* End PBXSourcesBuildPhase section */

/* Begin PBXTargetDependency section */
		B70D2CE12E45D4DF00D649CB /* PBXTargetDependency */ = {
			isa = PBXTargetDependency;
			target = B70D2CC82E45D4DE00D649CB /* POCMultibanner */;
			targetProxy = B70D2CE02E45D4DF00D649CB /* PBXContainerItemProxy */;
		};
		B70D2CEB2E45D4DF00D649CB /* PBXTargetDependency */ = {
			isa = PBXTargetDependency;
			target = B70D2CC82E45D4DE00D649CB /* POCMultibanner */;
			targetProxy = B70D2CEA2E45D4DF00D649CB /* PBXContainerItemProxy */;
		};
/* End PBXTargetDependency section */

/* Begin XCBuildConfiguration section */
		B70D2CF32E45D4DF00D649CB /* Debug */ = {
			isa = XCBuildConfiguration;
			buildSettings = {
				ASSETCATALOG_COMPILER_APPICON_NAME = AppIcon;
				ASSETCATALOG_COMPILER_GLOBAL_ACCENT_COLOR_NAME = AccentColor;
				CODE_SIGN_STYLE = Automatic;
				CURRENT_PROJECT_VERSION = 1;
				DEVELOPMENT_TEAM = NRJ46C5UN5;
				GENERATE_INFOPLIST_FILE = YES;
				INFOPLIST_FILE = POCMultibanner/Info.plist;
				INFOPLIST_KEY_UIApplicationSupportsIndirectInputEvents = YES;
				INFOPLIST_KEY_UILaunchStoryboardName = LaunchScreen;
				INFOPLIST_KEY_UIMainStoryboardFile = Main;
				INFOPLIST_KEY_UISupportedInterfaceOrientations_iPad = "UIInterfaceOrientationPortrait UIInterfaceOrientationPortraitUpsideDown UIInterfaceOrientationLandscapeLeft UIInterfaceOrientationLandscapeRight";
				INFOPLIST_KEY_UISupportedInterfaceOrientations_iPhone = "UIInterfaceOrientationPortrait UIInterfaceOrientationLandscapeLeft UIInterfaceOrientationLandscapeRight";
				LD_RUNPATH_SEARCH_PATHS = (
					"$(inherited)",
					"@executable_path/Frameworks",
				);
				MARKETING_VERSION = 1.0;
				PRODUCT_BUNDLE_IDENTIFIER = com.teravat.POCMultibanner;
				PRODUCT_NAME = "$(TARGET_NAME)";
				SWIFT_EMIT_LOC_STRINGS = YES;
				SWIFT_VERSION = 5.0;
				TARGETED_DEVICE_FAMILY = "1,2";
			};
			name = Debug;
		};
		B70D2CF42E45D4DF00D649CB /* Release */ = {
			isa = XCBuildConfiguration;
			buildSettings = {
				ASSETCATALOG_COMPILER_APPICON_NAME = AppIcon;
				ASSETCATALOG_COMPILER_GLOBAL_ACCENT_COLOR_NAME = AccentColor;
				CODE_SIGN_STYLE = Automatic;
				CURRENT_PROJECT_VERSION = 1;
				DEVELOPMENT_TEAM = NRJ46C5UN5;
				GENERATE_INFOPLIST_FILE = YES;
				INFOPLIST_FILE = POCMultibanner/Info.plist;
				INFOPLIST_KEY_UIApplicationSupportsIndirectInputEvents = YES;
				INFOPLIST_KEY_UILaunchStoryboardName = LaunchScreen;
				INFOPLIST_KEY_UIMainStoryboardFile = Main;
				INFOPLIST_KEY_UISupportedInterfaceOrientations_iPad = "UIInterfaceOrientationPortrait UIInterfaceOrientationPortraitUpsideDown UIInterfaceOrientationLandscapeLeft UIInterfaceOrientationLandscapeRight";
				INFOPLIST_KEY_UISupportedInterfaceOrientations_iPhone = "UIInterfaceOrientationPortrait UIInterfaceOrientationLandscapeLeft UIInterfaceOrientationLandscapeRight";
				LD_RUNPATH_SEARCH_PATHS = (
					"$(inherited)",
					"@executable_path/Frameworks",
				);
				MARKETING_VERSION = 1.0;
				PRODUCT_BUNDLE_IDENTIFIER = com.teravat.POCMultibanner;
				PRODUCT_NAME = "$(TARGET_NAME)";
				SWIFT_EMIT_LOC_STRINGS = YES;
				SWIFT_VERSION = 5.0;
				TARGETED_DEVICE_FAMILY = "1,2";
			};
			name = Release;
		};
		B70D2CF52E45D4DF00D649CB /* Debug */ = {
			isa = XCBuildConfiguration;
			buildSettings = {
				ALWAYS_SEARCH_USER_PATHS = NO;
				ASSETCATALOG_COMPILER_GENERATE_SWIFT_ASSET_SYMBOL_EXTENSIONS = YES;
				CLANG_ANALYZER_NONNULL = YES;
				CLANG_ANALYZER_NUMBER_OBJECT_CONVERSION = YES_AGGRESSIVE;
				CLANG_CXX_LANGUAGE_STANDARD = "gnu++20";
				CLANG_ENABLE_MODULES = YES;
				CLANG_ENABLE_OBJC_ARC = YES;
				CLANG_ENABLE_OBJC_WEAK = YES;
				CLANG_WARN_BLOCK_CAPTURE_AUTORELEASING = YES;
				CLANG_WARN_BOOL_CONVERSION = YES;
				CLANG_WARN_COMMA = YES;
				CLANG_WARN_CONSTANT_CONVERSION = YES;
				CLANG_WARN_DEPRECATED_OBJC_IMPLEMENTATIONS = YES;
				CLANG_WARN_DIRECT_OBJC_ISA_USAGE = YES_ERROR;
				CLANG_WARN_DOCUMENTATION_COMMENTS = YES;
				CLANG_WARN_EMPTY_BODY = YES;
				CLANG_WARN_ENUM_CONVERSION = YES;
				CLANG_WARN_INFINITE_RECURSION = YES;
				CLANG_WARN_INT_CONVERSION = YES;
				CLANG_WARN_NON_LITERAL_NULL_CONVERSION = YES;
				CLANG_WARN_OBJC_IMPLICIT_RETAIN_SELF = YES;
				CLANG_WARN_OBJC_LITERAL_CONVERSION = YES;
				CLANG_WARN_OBJC_ROOT_CLASS = YES_ERROR;
				CLANG_WARN_QUOTED_INCLUDE_IN_FRAMEWORK_HEADER = YES;
				CLANG_WARN_RANGE_LOOP_ANALYSIS = YES;
				CLANG_WARN_STRICT_PROTOTYPES = YES;
				CLANG_WARN_SUSPICIOUS_MOVE = YES;
				CLANG_WARN_UNGUARDED_AVAILABILITY = YES_AGGRESSIVE;
				CLANG_WARN_UNREACHABLE_CODE = YES;
				CLANG_WARN__DUPLICATE_METHOD_MATCH = YES;
				COPY_PHASE_STRIP = NO;
				DEBUG_INFORMATION_FORMAT = dwarf;
				ENABLE_STRICT_OBJC_MSGSEND = YES;
				ENABLE_TESTABILITY = YES;
				ENABLE_USER_SCRIPT_SANDBOXING = YES;
				GCC_C_LANGUAGE_STANDARD = gnu17;
				GCC_DYNAMIC_NO_PIC = NO;
				GCC_NO_COMMON_BLOCKS = YES;
				GCC_OPTIMIZATION_LEVEL = 0;
				GCC_PREPROCESSOR_DEFINITIONS = (
					"DEBUG=1",
					"$(inherited)",
				);
				GCC_WARN_64_TO_32_BIT_CONVERSION = YES;
				GCC_WARN_ABOUT_RETURN_TYPE = YES_ERROR;
				GCC_WARN_UNDECLARED_SELECTOR = YES;
				GCC_WARN_UNINITIALIZED_AUTOS = YES_AGGRESSIVE;
				GCC_WARN_UNUSED_FUNCTION = YES;
				GCC_WARN_UNUSED_VARIABLE = YES;
				IPHONEOS_DEPLOYMENT_TARGET = 18.2;
				LOCALIZATION_PREFERS_STRING_CATALOGS = YES;
				MTL_ENABLE_DEBUG_INFO = INCLUDE_SOURCE;
				MTL_FAST_MATH = YES;
				ONLY_ACTIVE_ARCH = YES;
				SDKROOT = iphoneos;
				SWIFT_ACTIVE_COMPILATION_CONDITIONS = "DEBUG $(inherited)";
				SWIFT_OPTIMIZATION_LEVEL = "-Onone";
			};
			name = Debug;
		};
		B70D2CF62E45D4DF00D649CB /* Release */ = {
			isa = XCBuildConfiguration;
			buildSettings = {
				ALWAYS_SEARCH_USER_PATHS = NO;
				ASSETCATALOG_COMPILER_GENERATE_SWIFT_ASSET_SYMBOL_EXTENSIONS = YES;
				CLANG_ANALYZER_NONNULL = YES;
				CLANG_ANALYZER_NUMBER_OBJECT_CONVERSION = YES_AGGRESSIVE;
				CLANG_CXX_LANGUAGE_STANDARD = "gnu++20";
				CLANG_ENABLE_MODULES = YES;
				CLANG_ENABLE_OBJC_ARC = YES;
				CLANG_ENABLE_OBJC_WEAK = YES;
				CLANG_WARN_BLOCK_CAPTURE_AUTORELEASING = YES;
				CLANG_WARN_BOOL_CONVERSION = YES;
				CLANG_WARN_COMMA = YES;
				CLANG_WARN_CONSTANT_CONVERSION = YES;
				CLANG_WARN_DEPRECATED_OBJC_IMPLEMENTATIONS = YES;
				CLANG_WARN_DIRECT_OBJC_ISA_USAGE = YES_ERROR;
				CLANG_WARN_DOCUMENTATION_COMMENTS = YES;
				CLANG_WARN_EMPTY_BODY = YES;
				CLANG_WARN_ENUM_CONVERSION = YES;
				CLANG_WARN_INFINITE_RECURSION = YES;
				CLANG_WARN_INT_CONVERSION = YES;
				CLANG_WARN_NON_LITERAL_NULL_CONVERSION = YES;
				CLANG_WARN_OBJC_IMPLICIT_RETAIN_SELF = YES;
				CLANG_WARN_OBJC_LITERAL_CONVERSION = YES;
				CLANG_WARN_OBJC_ROOT_CLASS = YES_ERROR;
				CLANG_WARN_QUOTED_INCLUDE_IN_FRAMEWORK_HEADER = YES;
				CLANG_WARN_RANGE_LOOP_ANALYSIS = YES;
				CLANG_WARN_STRICT_PROTOTYPES = YES;
				CLANG_WARN_SUSPICIOUS_MOVE = YES;
				CLANG_WARN_UNGUARDED_AVAILABILITY = YES_AGGRESSIVE;
				CLANG_WARN_UNREACHABLE_CODE = YES;
				CLANG_WARN__DUPLICATE_METHOD_MATCH = YES;
				COPY_PHASE_STRIP = NO;
				DEBUG_INFORMATION_FORMAT = "dwarf-with-dsym";
				ENABLE_NS_ASSERTIONS = NO;
				ENABLE_STRICT_OBJC_MSGSEND = YES;
				ENABLE_USER_SCRIPT_SANDBOXING = YES;
				GCC_C_LANGUAGE_STANDARD = gnu17;
				GCC_NO_COMMON_BLOCKS = YES;
				GCC_WARN_64_TO_32_BIT_CONVERSION = YES;
				GCC_WARN_ABOUT_RETURN_TYPE = YES_ERROR;
				GCC_WARN_UNDECLARED_SELECTOR = YES;
				GCC_WARN_UNINITIALIZED_AUTOS = YES_AGGRESSIVE;
				GCC_WARN_UNUSED_FUNCTION = YES;
				GCC_WARN_UNUSED_VARIABLE = YES;
				IPHONEOS_DEPLOYMENT_TARGET = 18.2;
				LOCALIZATION_PREFERS_STRING_CATALOGS = YES;
				MTL_ENABLE_DEBUG_INFO = NO;
				MTL_FAST_MATH = YES;
				SDKROOT = iphoneos;
				SWIFT_COMPILATION_MODE = wholemodule;
				VALIDATE_PRODUCT = YES;
			};
			name = Release;
		};
		B70D2CF82E45D4DF00D649CB /* Debug */ = {
			isa = XCBuildConfiguration;
			buildSettings = {
				BUNDLE_LOADER = "$(TEST_HOST)";
				CODE_SIGN_STYLE = Automatic;
				CURRENT_PROJECT_VERSION = 1;
				DEVELOPMENT_TEAM = NRJ46C5UN5;
				GENERATE_INFOPLIST_FILE = YES;
				IPHONEOS_DEPLOYMENT_TARGET = 18.2;
				MARKETING_VERSION = 1.0;
				PRODUCT_BUNDLE_IDENTIFIER = com.teravat.POCMultibannerTests;
				PRODUCT_NAME = "$(TARGET_NAME)";
				SWIFT_EMIT_LOC_STRINGS = NO;
				SWIFT_VERSION = 5.0;
				TARGETED_DEVICE_FAMILY = "1,2";
				TEST_HOST = "$(BUILT_PRODUCTS_DIR)/POCMultibanner.app/$(BUNDLE_EXECUTABLE_FOLDER_PATH)/POCMultibanner";
			};
			name = Debug;
		};
		B70D2CF92E45D4DF00D649CB /* Release */ = {
			isa = XCBuildConfiguration;
			buildSettings = {
				BUNDLE_LOADER = "$(TEST_HOST)";
				CODE_SIGN_STYLE = Automatic;
				CURRENT_PROJECT_VERSION = 1;
				DEVELOPMENT_TEAM = NRJ46C5UN5;
				GENERATE_INFOPLIST_FILE = YES;
				IPHONEOS_DEPLOYMENT_TARGET = 18.2;
				MARKETING_VERSION = 1.0;
				PRODUCT_BUNDLE_IDENTIFIER = com.teravat.POCMultibannerTests;
				PRODUCT_NAME = "$(TARGET_NAME)";
				SWIFT_EMIT_LOC_STRINGS = NO;
				SWIFT_VERSION = 5.0;
				TARGETED_DEVICE_FAMILY = "1,2";
				TEST_HOST = "$(BUILT_PRODUCTS_DIR)/POCMultibanner.app/$(BUNDLE_EXECUTABLE_FOLDER_PATH)/POCMultibanner";
			};
			name = Release;
		};
		B70D2CFB2E45D4DF00D649CB /* Debug */ = {
			isa = XCBuildConfiguration;
			buildSettings = {
				CODE_SIGN_STYLE = Automatic;
				CURRENT_PROJECT_VERSION = 1;
				DEVELOPMENT_TEAM = NRJ46C5UN5;
				GENERATE_INFOPLIST_FILE = YES;
				MARKETING_VERSION = 1.0;
				PRODUCT_BUNDLE_IDENTIFIER = com.teravat.POCMultibannerUITests;
				PRODUCT_NAME = "$(TARGET_NAME)";
				SWIFT_EMIT_LOC_STRINGS = NO;
				SWIFT_VERSION = 5.0;
				TARGETED_DEVICE_FAMILY = "1,2";
				TEST_TARGET_NAME = POCMultibanner;
			};
			name = Debug;
		};
		B70D2CFC2E45D4DF00D649CB /* Release */ = {
			isa = XCBuildConfiguration;
			buildSettings = {
				CODE_SIGN_STYLE = Automatic;
				CURRENT_PROJECT_VERSION = 1;
				DEVELOPMENT_TEAM = NRJ46C5UN5;
				GENERATE_INFOPLIST_FILE = YES;
				MARKETING_VERSION = 1.0;
				PRODUCT_BUNDLE_IDENTIFIER = com.teravat.POCMultibannerUITests;
				PRODUCT_NAME = "$(TARGET_NAME)";
				SWIFT_EMIT_LOC_STRINGS = NO;
				SWIFT_VERSION = 5.0;
				TARGETED_DEVICE_FAMILY = "1,2";
				TEST_TARGET_NAME = POCMultibanner;
			};
			name = Release;
		};
/* End XCBuildConfiguration section */

/* Begin XCConfigurationList section */
		B70D2CC42E45D4DE00D649CB /* Build configuration list for PBXProject "POCMultibanner" */ = {
			isa = XCConfigurationList;
			buildConfigurations = (
				B70D2CF52E45D4DF00D649CB /* Debug */,
				B70D2CF62E45D4DF00D649CB /* Release */,
			);
			defaultConfigurationIsVisible = 0;
			defaultConfigurationName = Release;
		};
		B70D2CF22E45D4DF00D649CB /* Build configuration list for PBXNativeTarget "POCMultibanner" */ = {
			isa = XCConfigurationList;
			buildConfigurations = (
				B70D2CF32E45D4DF00D649CB /* Debug */,
				B70D2CF42E45D4DF00D649CB /* Release */,
			);
			defaultConfigurationIsVisible = 0;
			defaultConfigurationName = Release;
		};
		B70D2CF72E45D4DF00D649CB /* Build configuration list for PBXNativeTarget "POCMultibannerTests" */ = {
			isa = XCConfigurationList;
			buildConfigurations = (
				B70D2CF82E45D4DF00D649CB /* Debug */,
				B70D2CF92E45D4DF00D649CB /* Release */,
			);
			defaultConfigurationIsVisible = 0;
			defaultConfigurationName = Release;
		};
		B70D2CFA2E45D4DF00D649CB /* Build configuration list for PBXNativeTarget "POCMultibannerUITests" */ = {
			isa = XCConfigurationList;
			buildConfigurations = (
				B70D2CFB2E45D4DF00D649CB /* Debug */,
				B70D2CFC2E45D4DF00D649CB /* Release */,
			);
			defaultConfigurationIsVisible = 0;
			defaultConfigurationName = Release;
		};
/* End XCConfigurationList section */
	};
	rootObject = B70D2CC12E45D4DE00D649CB /* Project object */;
}
